Microsoft Visual Studio Solution File, Format Version 12.00
# Visual Studio Version 17
VisualStudioVersion = 17.5.2.0
MinimumVisualStudioVersion = 10.0.40219.1
Project("{FAE04EC0-301F-11D3-BF4B-00C04F79EFBC}") = "MatPoll", "MatPoll\MatPoll.csproj", "{660AC478-1283-281E-D971-141117FF8CDF}"
EndProject
Global
	GlobalSection(SolutionConfigurationPlatforms) = preSolution
		Debug|Any CPU = Debug|Any CPU
		Release|Any CPU = Release|Any CPU
	EndGlobalSection
	GlobalSection(ProjectConfigurationPlatforms) = postSolution
		{660AC478-1283-281E-D971-141117FF8CDF}.Debug|Any CPU.ActiveCfg = Debug|Any CPU
		{660AC478-1283-281E-D971-141117FF8CDF}.Debug|Any CPU.Build.0 = Debug|Any CPU
		{660AC478-1283-281E-D971-141117FF8CDF}.Release|Any CPU.ActiveCfg = Release|Any CPU
		{660AC478-1283-281E-D971-141117FF8CDF}.Release|Any CPU.Build.0 = Release|Any CPU
	EndGlobalSection
	GlobalSection(SolutionProperties) = preSolution
		HideSolutionNode = FALSE
	EndGlobalSection
	GlobalSection(ExtensibilityGlobals) = postSolution
		SolutionGuid = {E0653650-A236-4490-AD5B-94D8DF70D663}
	EndGlobalSection
EndGlobal
