
Microsoft Visual Studio Solution File, Format Version 12.00
# Visual Studio Version 17
VisualStudioVersion = 17.14.37111.16 d17.14
MinimumVisualStudioVersion = 10.0.40219.1
Project("{FAE04EC0-301F-11D3-BF4B-00C04F79EFBC}") = "MatPoll", "MatPoll.csproj", "{8CD1064E-96AD-F52F-6B69-AEC2488BE6B0}"
EndProject
Global
	GlobalSection(SolutionConfigurationPlatforms) = preSolution
		Debug|Any CPU = Debug|Any CPU
		Release|Any CPU = Release|Any CPU
	EndGlobalSection
	GlobalSection(ProjectConfigurationPlatforms) = postSolution
		{8CD1064E-96AD-F52F-6B69-AEC2488BE6B0}.Debug|Any CPU.ActiveCfg = Debug|Any CPU
		{8CD1064E-96AD-F52F-6B69-AEC2488BE6B0}.Debug|Any CPU.Build.0 = Debug|Any CPU
		{8CD1064E-96AD-F52F-6B69-AEC2488BE6B0}.Release|Any CPU.ActiveCfg = Release|Any CPU
		{8CD1064E-96AD-F52F-6B69-AEC2488BE6B0}.Release|Any CPU.Build.0 = Release|Any CPU
	EndGlobalSection
	GlobalSection(SolutionProperties) = preSolution
		HideSolutionNode = FALSE
	EndGlobalSection
	GlobalSection(ExtensibilityGlobals) = postSolution
		SolutionGuid = {32FD1EDF-17EF-4CF2-A990-287E4B01F613}
	EndGlobalSection
EndGlobal
